
Microsoft Visual Studio Solution File, Format Version 12.00
# Visual Studio Version 17
VisualStudioVersion = 17.3.32929.385
MinimumVisualStudioVersion = 10.0.40219.1
Project("{FAE04EC0-301F-11D3-BF4B-00C04F79EFBC}") = "curs", "curs\curs.csproj", "{DAD5CD41-BF68-446A-90B6-C4BDF1756795}"
EndProject
Global
	GlobalSection(SolutionConfigurationPlatforms) = preSolution
		Debug|Any CPU = Debug|Any CPU
		Release|Any CPU = Release|Any CPU
	EndGlobalSection
	GlobalSection(ProjectConfigurationPlatforms) = postSolution
		{DAD5CD41-BF68-446A-90B6-C4BDF1756795}.Debug|Any CPU.ActiveCfg = Debug|Any CPU
		{DAD5CD41-BF68-446A-90B6-C4BDF1756795}.Debug|Any CPU.Build.0 = Debug|Any CPU
		{DAD5CD41-BF68-446A-90B6-C4BDF1756795}.Release|Any CPU.ActiveCfg = Release|Any CPU
		{DAD5CD41-BF68-446A-90B6-C4BDF1756795}.Release|Any CPU.Build.0 = Release|Any CPU
	EndGlobalSection
	GlobalSection(SolutionProperties) = preSolution
		HideSolutionNode = FALSE
	EndGlobalSection
	GlobalSection(ExtensibilityGlobals) = postSolution
		SolutionGuid = {F88CB572-798B-4545-8B52-89A6F897BE6F}
	EndGlobalSection
EndGlobal
