
Microsoft Visual Studio Solution File, Format Version 12.00
# Visual Studio Version 17
VisualStudioVersion = 17.3.32929.385
MinimumVisualStudioVersion = 10.0.40219.1
Project("{FAE04EC0-301F-11D3-BF4B-00C04F79EFBC}") = "MOlab2", "MOlab2\MOlab2.csproj", "{37E0B400-C603-47FB-ADA2-E602FBD0C431}"
EndProject
Project("{FAE04EC0-301F-11D3-BF4B-00C04F79EFBC}") = "MOlab1", "..\mo1lab\MOlab1\MOlab1.csproj", "{601F853D-2487-474F-8DE7-D7FFD0C61149}"
EndProject
Global
	GlobalSection(SolutionConfigurationPlatforms) = preSolution
		Debug|Any CPU = Debug|Any CPU
		Release|Any CPU = Release|Any CPU
	EndGlobalSection
	GlobalSection(ProjectConfigurationPlatforms) = postSolution
		{37E0B400-C603-47FB-ADA2-E602FBD0C431}.Debug|Any CPU.ActiveCfg = Debug|Any CPU
		{37E0B400-C603-47FB-ADA2-E602FBD0C431}.Debug|Any CPU.Build.0 = Debug|Any CPU
		{37E0B400-C603-47FB-ADA2-E602FBD0C431}.Release|Any CPU.ActiveCfg = Release|Any CPU
		{37E0B400-C603-47FB-ADA2-E602FBD0C431}.Release|Any CPU.Build.0 = Release|Any CPU
		{601F853D-2487-474F-8DE7-D7FFD0C61149}.Debug|Any CPU.ActiveCfg = Debug|Any CPU
		{601F853D-2487-474F-8DE7-D7FFD0C61149}.Debug|Any CPU.Build.0 = Debug|Any CPU
		{601F853D-2487-474F-8DE7-D7FFD0C61149}.Release|Any CPU.ActiveCfg = Release|Any CPU
		{601F853D-2487-474F-8DE7-D7FFD0C61149}.Release|Any CPU.Build.0 = Release|Any CPU
	EndGlobalSection
	GlobalSection(SolutionProperties) = preSolution
		HideSolutionNode = FALSE
	EndGlobalSection
	GlobalSection(ExtensibilityGlobals) = postSolution
		SolutionGuid = {C5ECF576-C820-45DD-91A6-3CA90A42C421}
	EndGlobalSection
EndGlobal
